
Microsoft Visual Studio Solution File, Format Version 12.00
# Visual Studio Version 17
VisualStudioVersion = 17.14.36109.1 d17.14
MinimumVisualStudioVersion = 10.0.40219.1
Project("{FAE04EC0-301F-11D3-BF4B-00C04F79EFBC}") = "StudentManagement", "StudentManagement\StudentManagement.csproj", "{1CEFA536-AD55-480C-BFCD-048808BD7936}"
EndProject
Project("{FAE04EC0-301F-11D3-BF4B-00C04F79EFBC}") = "StudentManagement.BLL", "StudentManagement.BLL\StudentManagement.BLL.csproj", "{FD9BBB13-0074-44AA-8A1D-16849616B375}"
EndProject
Project("{FAE04EC0-301F-11D3-BF4B-00C04F79EFBC}") = "StudentManagement.DAL", "StudentManagement.DAL\StudentManagement.DAL.csproj", "{0FAEA996-256F-4B11-848A-E76B2C2405E5}"
EndProject
Global
	GlobalSection(SolutionConfigurationPlatforms) = preSolution
		Debug|Any CPU = Debug|Any CPU
		Release|Any CPU = Release|Any CPU
	EndGlobalSection
	GlobalSection(ProjectConfigurationPlatforms) = postSolution
		{1CEFA536-AD55-480C-BFCD-048808BD7936}.Debug|Any CPU.ActiveCfg = Debug|Any CPU
		{1CEFA536-AD55-480C-BFCD-048808BD7936}.Debug|Any CPU.Build.0 = Debug|Any CPU
		{1CEFA536-AD55-480C-BFCD-048808BD7936}.Release|Any CPU.ActiveCfg = Release|Any CPU
		{1CEFA536-AD55-480C-BFCD-048808BD7936}.Release|Any CPU.Build.0 = Release|Any CPU
		{FD9BBB13-0074-44AA-8A1D-16849616B375}.Debug|Any CPU.ActiveCfg = Debug|Any CPU
		{FD9BBB13-0074-44AA-8A1D-16849616B375}.Debug|Any CPU.Build.0 = Debug|Any CPU
		{FD9BBB13-0074-44AA-8A1D-16849616B375}.Release|Any CPU.ActiveCfg = Release|Any CPU
		{FD9BBB13-0074-44AA-8A1D-16849616B375}.Release|Any CPU.Build.0 = Release|Any CPU
		{0FAEA996-256F-4B11-848A-E76B2C2405E5}.Debug|Any CPU.ActiveCfg = Debug|Any CPU
		{0FAEA996-256F-4B11-848A-E76B2C2405E5}.Debug|Any CPU.Build.0 = Debug|Any CPU
		{0FAEA996-256F-4B11-848A-E76B2C2405E5}.Release|Any CPU.ActiveCfg = Release|Any CPU
		{0FAEA996-256F-4B11-848A-E76B2C2405E5}.Release|Any CPU.Build.0 = Release|Any CPU
	EndGlobalSection
	GlobalSection(SolutionProperties) = preSolution
		HideSolutionNode = FALSE
	EndGlobalSection
	GlobalSection(ExtensibilityGlobals) = postSolution
		SolutionGuid = {6A4BB218-EB0B-43CF-A6C8-335FF9A4BBC0}
	EndGlobalSection
EndGlobal
